
Microsoft Visual Studio Solution File, Format Version 12.00
# Visual Studio Version 17
VisualStudioVersion = 17.0.31903.59
MinimumVisualStudioVersion = 10.0.40219.1
Project("{2150E333-8FDC-42A3-9474-1A3956D46DE8}") = "Solution Items", "Solution Items", "{5AB89A9F-80B4-43A3-8F2B-81D584FC9A0A}"
	ProjectSection(SolutionItems) = preProject
		.editorconfig = .editorconfig
		Directory.Build.props = Directory.Build.props
		Directory.Build.targets = Directory.Build.targets
		Directory.Packages.props = Directory.Packages.props
		global.json = global.json
		NuGet.config = NuGet.config
		README.md = README.md
		Version.props = Version.props
	EndProjectSection
EndProject
Project("{FAE04EC0-301F-11D3-BF4B-00C04F79EFBC}") = "Memoa.Core", "src\Memoa.Core\Memoa.Core.csproj", "{A1B2C3D4-1111-1111-1111-000000000001}"
EndProject
Project("{FAE04EC0-301F-11D3-BF4B-00C04F79EFBC}") = "Memoa.Core.Tests", "src\Memoa.Core.Tests\Memoa.Core.Tests.csproj", "{A1B2C3D4-1111-1111-1111-000000000002}"
EndProject
Project("{FAE04EC0-301F-11D3-BF4B-00C04F79EFBC}") = "Memoa.Sinks.AzureBlobStorage", "src\Memoa.Sinks.AzureBlobStorage\Memoa.Sinks.AzureBlobStorage.csproj", "{A1B2C3D4-1111-1111-1111-000000000003}"
EndProject
Project("{FAE04EC0-301F-11D3-BF4B-00C04F79EFBC}") = "Memoa.Sinks.AzureBlobStorage.Tests", "src\Memoa.Sinks.AzureBlobStorage.Tests\Memoa.Sinks.AzureBlobStorage.Tests.csproj", "{A1B2C3D4-1111-1111-1111-000000000004}"
EndProject
Project("{FAE04EC0-301F-11D3-BF4B-00C04F79EFBC}") = "Memoa.Replay.Cli", "src\Memoa.Replay.Cli\Memoa.Replay.Cli.csproj", "{A1B2C3D4-1111-1111-1111-000000000005}"
EndProject
Project("{FAE04EC0-301F-11D3-BF4B-00C04F79EFBC}") = "Memoa.Replay.Cli.Tests", "src\Memoa.Replay.Cli.Tests\Memoa.Replay.Cli.Tests.csproj", "{A1B2C3D4-1111-1111-1111-000000000006}"
EndProject
Project("{FAE04EC0-301F-11D3-BF4B-00C04F79EFBC}") = "Memoa.Sample.Api", "src\Memoa.Sample.Api\Memoa.Sample.Api.csproj", "{A1B2C3D4-1111-1111-1111-000000000007}"
EndProject
Project("{2150E333-8FDC-42A3-9474-1A3956D46DE8}") = "src", "src", "{827E0CD3-B72D-47B6-A68D-7590B98EB39B}"
EndProject
Project("{FAE04EC0-301F-11D3-BF4B-00C04F79EFBC}") = "Memoa.Sinks.File", "src\Memoa.Sinks.File\Memoa.Sinks.File.csproj", "{4EF90CA6-E840-435C-8FD9-82B9DCEEF2C5}"
EndProject
Project("{FAE04EC0-301F-11D3-BF4B-00C04F79EFBC}") = "Memoa.Sinks.AmazonS3", "src\Memoa.Sinks.AmazonS3\Memoa.Sinks.AmazonS3.csproj", "{35A1F9BC-7DB5-40C9-B883-78216BCDD632}"
EndProject
Project("{FAE04EC0-301F-11D3-BF4B-00C04F79EFBC}") = "Memoa.Sinks.Redis", "src\Memoa.Sinks.Redis\Memoa.Sinks.Redis.csproj", "{57E7820F-D03F-4E53-A839-ECC7571DFBB5}"
EndProject
Project("{FAE04EC0-301F-11D3-BF4B-00C04F79EFBC}") = "Memoa.Replay.Core", "src\Memoa.Replay.Core\Memoa.Replay.Core.csproj", "{42FB95D0-6A4B-4ABF-8039-24406CA95801}"
EndProject
Project("{FAE04EC0-301F-11D3-BF4B-00C04F79EFBC}") = "Memoa.Replay.Api", "src\Memoa.Replay.Api\Memoa.Replay.Api.csproj", "{E27228F7-6D0F-493D-96F0-08F7E58857B0}"
EndProject
Global
	GlobalSection(SolutionConfigurationPlatforms) = preSolution
		Debug|Any CPU = Debug|Any CPU
		Debug|x64 = Debug|x64
		Debug|x86 = Debug|x86
		Release|Any CPU = Release|Any CPU
		Release|x64 = Release|x64
		Release|x86 = Release|x86
	EndGlobalSection
	GlobalSection(ProjectConfigurationPlatforms) = postSolution
		{A1B2C3D4-1111-1111-1111-000000000001}.Debug|Any CPU.ActiveCfg = Debug|Any CPU
		{A1B2C3D4-1111-1111-1111-000000000001}.Debug|Any CPU.Build.0 = Debug|Any CPU
		{A1B2C3D4-1111-1111-1111-000000000001}.Debug|x64.ActiveCfg = Debug|Any CPU
		{A1B2C3D4-1111-1111-1111-000000000001}.Debug|x64.Build.0 = Debug|Any CPU
		{A1B2C3D4-1111-1111-1111-000000000001}.Debug|x86.ActiveCfg = Debug|Any CPU
		{A1B2C3D4-1111-1111-1111-000000000001}.Debug|x86.Build.0 = Debug|Any CPU
		{A1B2C3D4-1111-1111-1111-000000000001}.Release|Any CPU.ActiveCfg = Release|Any CPU
		{A1B2C3D4-1111-1111-1111-000000000001}.Release|Any CPU.Build.0 = Release|Any CPU
		{A1B2C3D4-1111-1111-1111-000000000001}.Release|x64.ActiveCfg = Release|Any CPU
		{A1B2C3D4-1111-1111-1111-000000000001}.Release|x64.Build.0 = Release|Any CPU
		{A1B2C3D4-1111-1111-1111-000000000001}.Release|x86.ActiveCfg = Release|Any CPU
		{A1B2C3D4-1111-1111-1111-000000000001}.Release|x86.Build.0 = Release|Any CPU
		{A1B2C3D4-1111-1111-1111-000000000002}.Debug|Any CPU.ActiveCfg = Debug|Any CPU
		{A1B2C3D4-1111-1111-1111-000000000002}.Debug|Any CPU.Build.0 = Debug|Any CPU
		{A1B2C3D4-1111-1111-1111-000000000002}.Debug|x64.ActiveCfg = Debug|Any CPU
		{A1B2C3D4-1111-1111-1111-000000000002}.Debug|x64.Build.0 = Debug|Any CPU
		{A1B2C3D4-1111-1111-1111-000000000002}.Debug|x86.ActiveCfg = Debug|Any CPU
		{A1B2C3D4-1111-1111-1111-000000000002}.Debug|x86.Build.0 = Debug|Any CPU
		{A1B2C3D4-1111-1111-1111-000000000002}.Release|Any CPU.ActiveCfg = Release|Any CPU
		{A1B2C3D4-1111-1111-1111-000000000002}.Release|Any CPU.Build.0 = Release|Any CPU
		{A1B2C3D4-1111-1111-1111-000000000002}.Release|x64.ActiveCfg = Release|Any CPU
		{A1B2C3D4-1111-1111-1111-000000000002}.Release|x64.Build.0 = Release|Any CPU
		{A1B2C3D4-1111-1111-1111-000000000002}.Release|x86.ActiveCfg = Release|Any CPU
		{A1B2C3D4-1111-1111-1111-000000000002}.Release|x86.Build.0 = Release|Any CPU
		{A1B2C3D4-1111-1111-1111-000000000003}.Debug|Any CPU.ActiveCfg = Debug|Any CPU
		{A1B2C3D4-1111-1111-1111-000000000003}.Debug|Any CPU.Build.0 = Debug|Any CPU
		{A1B2C3D4-1111-1111-1111-000000000003}.Debug|x64.ActiveCfg = Debug|Any CPU
		{A1B2C3D4-1111-1111-1111-000000000003}.Debug|x64.Build.0 = Debug|Any CPU
		{A1B2C3D4-1111-1111-1111-000000000003}.Debug|x86.ActiveCfg = Debug|Any CPU
		{A1B2C3D4-1111-1111-1111-000000000003}.Debug|x86.Build.0 = Debug|Any CPU
		{A1B2C3D4-1111-1111-1111-000000000003}.Release|Any CPU.ActiveCfg = Release|Any CPU
		{A1B2C3D4-1111-1111-1111-000000000003}.Release|Any CPU.Build.0 = Release|Any CPU
		{A1B2C3D4-1111-1111-1111-000000000003}.Release|x64.ActiveCfg = Release|Any CPU
		{A1B2C3D4-1111-1111-1111-000000000003}.Release|x64.Build.0 = Release|Any CPU
		{A1B2C3D4-1111-1111-1111-000000000003}.Release|x86.ActiveCfg = Release|Any CPU
		{A1B2C3D4-1111-1111-1111-000000000003}.Release|x86.Build.0 = Release|Any CPU
		{A1B2C3D4-1111-1111-1111-000000000004}.Debug|Any CPU.ActiveCfg = Debug|Any CPU
		{A1B2C3D4-1111-1111-1111-000000000004}.Debug|Any CPU.Build.0 = Debug|Any CPU
		{A1B2C3D4-1111-1111-1111-000000000004}.Debug|x64.ActiveCfg = Debug|Any CPU
		{A1B2C3D4-1111-1111-1111-000000000004}.Debug|x64.Build.0 = Debug|Any CPU
		{A1B2C3D4-1111-1111-1111-000000000004}.Debug|x86.ActiveCfg = Debug|Any CPU
		{A1B2C3D4-1111-1111-1111-000000000004}.Debug|x86.Build.0 = Debug|Any CPU
		{A1B2C3D4-1111-1111-1111-000000000004}.Release|Any CPU.ActiveCfg = Release|Any CPU
		{A1B2C3D4-1111-1111-1111-000000000004}.Release|Any CPU.Build.0 = Release|Any CPU
		{A1B2C3D4-1111-1111-1111-000000000004}.Release|x64.ActiveCfg = Release|Any CPU
		{A1B2C3D4-1111-1111-1111-000000000004}.Release|x64.Build.0 = Release|Any CPU
		{A1B2C3D4-1111-1111-1111-000000000004}.Release|x86.ActiveCfg = Release|Any CPU
		{A1B2C3D4-1111-1111-1111-000000000004}.Release|x86.Build.0 = Release|Any CPU
		{A1B2C3D4-1111-1111-1111-000000000005}.Debug|Any CPU.ActiveCfg = Debug|Any CPU
		{A1B2C3D4-1111-1111-1111-000000000005}.Debug|Any CPU.Build.0 = Debug|Any CPU
		{A1B2C3D4-1111-1111-1111-000000000005}.Debug|x64.ActiveCfg = Debug|Any CPU
		{A1B2C3D4-1111-1111-1111-000000000005}.Debug|x64.Build.0 = Debug|Any CPU
		{A1B2C3D4-1111-1111-1111-000000000005}.Debug|x86.ActiveCfg = Debug|Any CPU
		{A1B2C3D4-1111-1111-1111-000000000005}.Debug|x86.Build.0 = Debug|Any CPU
		{A1B2C3D4-1111-1111-1111-000000000005}.Release|Any CPU.ActiveCfg = Release|Any CPU
		{A1B2C3D4-1111-1111-1111-000000000005}.Release|Any CPU.Build.0 = Release|Any CPU
		{A1B2C3D4-1111-1111-1111-000000000005}.Release|x64.ActiveCfg = Release|Any CPU
		{A1B2C3D4-1111-1111-1111-000000000005}.Release|x64.Build.0 = Release|Any CPU
		{A1B2C3D4-1111-1111-1111-000000000005}.Release|x86.ActiveCfg = Release|Any CPU
		{A1B2C3D4-1111-1111-1111-000000000005}.Release|x86.Build.0 = Release|Any CPU
		{A1B2C3D4-1111-1111-1111-000000000006}.Debug|Any CPU.ActiveCfg = Debug|Any CPU
		{A1B2C3D4-1111-1111-1111-000000000006}.Debug|Any CPU.Build.0 = Debug|Any CPU
		{A1B2C3D4-1111-1111-1111-000000000006}.Debug|x64.ActiveCfg = Debug|Any CPU
		{A1B2C3D4-1111-1111-1111-000000000006}.Debug|x64.Build.0 = Debug|Any CPU
		{A1B2C3D4-1111-1111-1111-000000000006}.Debug|x86.ActiveCfg = Debug|Any CPU
		{A1B2C3D4-1111-1111-1111-000000000006}.Debug|x86.Build.0 = Debug|Any CPU
		{A1B2C3D4-1111-1111-1111-000000000006}.Release|Any CPU.ActiveCfg = Release|Any CPU
		{A1B2C3D4-1111-1111-1111-000000000006}.Release|Any CPU.Build.0 = Release|Any CPU
		{A1B2C3D4-1111-1111-1111-000000000006}.Release|x64.ActiveCfg = Release|Any CPU
		{A1B2C3D4-1111-1111-1111-000000000006}.Release|x64.Build.0 = Release|Any CPU
		{A1B2C3D4-1111-1111-1111-000000000006}.Release|x86.ActiveCfg = Release|Any CPU
		{A1B2C3D4-1111-1111-1111-000000000006}.Release|x86.Build.0 = Release|Any CPU
		{A1B2C3D4-1111-1111-1111-000000000007}.Debug|Any CPU.ActiveCfg = Debug|Any CPU
		{A1B2C3D4-1111-1111-1111-000000000007}.Debug|Any CPU.Build.0 = Debug|Any CPU
		{A1B2C3D4-1111-1111-1111-000000000007}.Debug|x64.ActiveCfg = Debug|Any CPU
		{A1B2C3D4-1111-1111-1111-000000000007}.Debug|x64.Build.0 = Debug|Any CPU
		{A1B2C3D4-1111-1111-1111-000000000007}.Debug|x86.ActiveCfg = Debug|Any CPU
		{A1B2C3D4-1111-1111-1111-000000000007}.Debug|x86.Build.0 = Debug|Any CPU
		{A1B2C3D4-1111-1111-1111-000000000007}.Release|Any CPU.ActiveCfg = Release|Any CPU
		{A1B2C3D4-1111-1111-1111-000000000007}.Release|Any CPU.Build.0 = Release|Any CPU
		{A1B2C3D4-1111-1111-1111-000000000007}.Release|x64.ActiveCfg = Release|Any CPU
		{A1B2C3D4-1111-1111-1111-000000000007}.Release|x64.Build.0 = Release|Any CPU
		{A1B2C3D4-1111-1111-1111-000000000007}.Release|x86.ActiveCfg = Release|Any CPU
		{A1B2C3D4-1111-1111-1111-000000000007}.Release|x86.Build.0 = Release|Any CPU
		{4EF90CA6-E840-435C-8FD9-82B9DCEEF2C5}.Debug|Any CPU.ActiveCfg = Debug|Any CPU
		{4EF90CA6-E840-435C-8FD9-82B9DCEEF2C5}.Debug|Any CPU.Build.0 = Debug|Any CPU
		{4EF90CA6-E840-435C-8FD9-82B9DCEEF2C5}.Debug|x64.ActiveCfg = Debug|Any CPU
		{4EF90CA6-E840-435C-8FD9-82B9DCEEF2C5}.Debug|x64.Build.0 = Debug|Any CPU
		{4EF90CA6-E840-435C-8FD9-82B9DCEEF2C5}.Debug|x86.ActiveCfg = Debug|Any CPU
		{4EF90CA6-E840-435C-8FD9-82B9DCEEF2C5}.Debug|x86.Build.0 = Debug|Any CPU
		{4EF90CA6-E840-435C-8FD9-82B9DCEEF2C5}.Release|Any CPU.ActiveCfg = Release|Any CPU
		{4EF90CA6-E840-435C-8FD9-82B9DCEEF2C5}.Release|Any CPU.Build.0 = Release|Any CPU
		{4EF90CA6-E840-435C-8FD9-82B9DCEEF2C5}.Release|x64.ActiveCfg = Release|Any CPU
		{4EF90CA6-E840-435C-8FD9-82B9DCEEF2C5}.Release|x64.Build.0 = Release|Any CPU
		{4EF90CA6-E840-435C-8FD9-82B9DCEEF2C5}.Release|x86.ActiveCfg = Release|Any CPU
		{4EF90CA6-E840-435C-8FD9-82B9DCEEF2C5}.Release|x86.Build.0 = Release|Any CPU
		{35A1F9BC-7DB5-40C9-B883-78216BCDD632}.Debug|Any CPU.ActiveCfg = Debug|Any CPU
		{35A1F9BC-7DB5-40C9-B883-78216BCDD632}.Debug|Any CPU.Build.0 = Debug|Any CPU
		{35A1F9BC-7DB5-40C9-B883-78216BCDD632}.Debug|x64.ActiveCfg = Debug|Any CPU
		{35A1F9BC-7DB5-40C9-B883-78216BCDD632}.Debug|x64.Build.0 = Debug|Any CPU
		{35A1F9BC-7DB5-40C9-B883-78216BCDD632}.Debug|x86.ActiveCfg = Debug|Any CPU
		{35A1F9BC-7DB5-40C9-B883-78216BCDD632}.Debug|x86.Build.0 = Debug|Any CPU
		{35A1F9BC-7DB5-40C9-B883-78216BCDD632}.Release|Any CPU.ActiveCfg = Release|Any CPU
		{35A1F9BC-7DB5-40C9-B883-78216BCDD632}.Release|Any CPU.Build.0 = Release|Any CPU
		{35A1F9BC-7DB5-40C9-B883-78216BCDD632}.Release|x64.ActiveCfg = Release|Any CPU
		{35A1F9BC-7DB5-40C9-B883-78216BCDD632}.Release|x64.Build.0 = Release|Any CPU
		{35A1F9BC-7DB5-40C9-B883-78216BCDD632}.Release|x86.ActiveCfg = Release|Any CPU
		{35A1F9BC-7DB5-40C9-B883-78216BCDD632}.Release|x86.Build.0 = Release|Any CPU
		{57E7820F-D03F-4E53-A839-ECC7571DFBB5}.Debug|Any CPU.ActiveCfg = Debug|Any CPU
		{57E7820F-D03F-4E53-A839-ECC7571DFBB5}.Debug|Any CPU.Build.0 = Debug|Any CPU
		{57E7820F-D03F-4E53-A839-ECC7571DFBB5}.Debug|x64.ActiveCfg = Debug|Any CPU
		{57E7820F-D03F-4E53-A839-ECC7571DFBB5}.Debug|x64.Build.0 = Debug|Any CPU
		{57E7820F-D03F-4E53-A839-ECC7571DFBB5}.Debug|x86.ActiveCfg = Debug|Any CPU
		{57E7820F-D03F-4E53-A839-ECC7571DFBB5}.Debug|x86.Build.0 = Debug|Any CPU
		{57E7820F-D03F-4E53-A839-ECC7571DFBB5}.Release|Any CPU.ActiveCfg = Release|Any CPU
		{57E7820F-D03F-4E53-A839-ECC7571DFBB5}.Release|Any CPU.Build.0 = Release|Any CPU
		{57E7820F-D03F-4E53-A839-ECC7571DFBB5}.Release|x64.ActiveCfg = Release|Any CPU
		{57E7820F-D03F-4E53-A839-ECC7571DFBB5}.Release|x64.Build.0 = Release|Any CPU
		{57E7820F-D03F-4E53-A839-ECC7571DFBB5}.Release|x86.ActiveCfg = Release|Any CPU
		{57E7820F-D03F-4E53-A839-ECC7571DFBB5}.Release|x86.Build.0 = Release|Any CPU
		{42FB95D0-6A4B-4ABF-8039-24406CA95801}.Debug|Any CPU.ActiveCfg = Debug|Any CPU
		{42FB95D0-6A4B-4ABF-8039-24406CA95801}.Debug|Any CPU.Build.0 = Debug|Any CPU
		{42FB95D0-6A4B-4ABF-8039-24406CA95801}.Debug|x64.ActiveCfg = Debug|Any CPU
		{42FB95D0-6A4B-4ABF-8039-24406CA95801}.Debug|x64.Build.0 = Debug|Any CPU
		{42FB95D0-6A4B-4ABF-8039-24406CA95801}.Debug|x86.ActiveCfg = Debug|Any CPU
		{42FB95D0-6A4B-4ABF-8039-24406CA95801}.Debug|x86.Build.0 = Debug|Any CPU
		{42FB95D0-6A4B-4ABF-8039-24406CA95801}.Release|Any CPU.ActiveCfg = Release|Any CPU
		{42FB95D0-6A4B-4ABF-8039-24406CA95801}.Release|Any CPU.Build.0 = Release|Any CPU
		{42FB95D0-6A4B-4ABF-8039-24406CA95801}.Release|x64.ActiveCfg = Release|Any CPU
		{42FB95D0-6A4B-4ABF-8039-24406CA95801}.Release|x64.Build.0 = Release|Any CPU
		{42FB95D0-6A4B-4ABF-8039-24406CA95801}.Release|x86.ActiveCfg = Release|Any CPU
		{42FB95D0-6A4B-4ABF-8039-24406CA95801}.Release|x86.Build.0 = Release|Any CPU
		{E27228F7-6D0F-493D-96F0-08F7E58857B0}.Debug|Any CPU.ActiveCfg = Debug|Any CPU
		{E27228F7-6D0F-493D-96F0-08F7E58857B0}.Debug|Any CPU.Build.0 = Debug|Any CPU
		{E27228F7-6D0F-493D-96F0-08F7E58857B0}.Debug|x64.ActiveCfg = Debug|Any CPU
		{E27228F7-6D0F-493D-96F0-08F7E58857B0}.Debug|x64.Build.0 = Debug|Any CPU
		{E27228F7-6D0F-493D-96F0-08F7E58857B0}.Debug|x86.ActiveCfg = Debug|Any CPU
		{E27228F7-6D0F-493D-96F0-08F7E58857B0}.Debug|x86.Build.0 = Debug|Any CPU
		{E27228F7-6D0F-493D-96F0-08F7E58857B0}.Release|Any CPU.ActiveCfg = Release|Any CPU
		{E27228F7-6D0F-493D-96F0-08F7E58857B0}.Release|Any CPU.Build.0 = Release|Any CPU
		{E27228F7-6D0F-493D-96F0-08F7E58857B0}.Release|x64.ActiveCfg = Release|Any CPU
		{E27228F7-6D0F-493D-96F0-08F7E58857B0}.Release|x64.Build.0 = Release|Any CPU
		{E27228F7-6D0F-493D-96F0-08F7E58857B0}.Release|x86.ActiveCfg = Release|Any CPU
		{E27228F7-6D0F-493D-96F0-08F7E58857B0}.Release|x86.Build.0 = Release|Any CPU
	EndGlobalSection
	GlobalSection(SolutionProperties) = preSolution
		HideSolutionNode = FALSE
	EndGlobalSection
	GlobalSection(NestedProjects) = preSolution
		{4EF90CA6-E840-435C-8FD9-82B9DCEEF2C5} = {827E0CD3-B72D-47B6-A68D-7590B98EB39B}
		{35A1F9BC-7DB5-40C9-B883-78216BCDD632} = {827E0CD3-B72D-47B6-A68D-7590B98EB39B}
		{57E7820F-D03F-4E53-A839-ECC7571DFBB5} = {827E0CD3-B72D-47B6-A68D-7590B98EB39B}
		{42FB95D0-6A4B-4ABF-8039-24406CA95801} = {827E0CD3-B72D-47B6-A68D-7590B98EB39B}
		{E27228F7-6D0F-493D-96F0-08F7E58857B0} = {827E0CD3-B72D-47B6-A68D-7590B98EB39B}
	EndGlobalSection
EndGlobal
